// !$*UTF8*$!
{
	archiveVersion = 1;
	classes = {
	};
	objectVersion = 50;
	objects = {

/* Begin PBXBuildFile section */
		3F0C8B6B232AB880009E51CB /* AppDelegate.swift in Sources */ = {isa = PBXBuildFile; fileRef = 3F0C8B6A232AB880009E51CB /* AppDelegate.swift */; };
		3F0C8B6D232AB880009E51CB /* ViewController.swift in Sources */ = {isa = PBXBuildFile; fileRef = 3F0C8B6C232AB880009E51CB /* ViewController.swift */; };
		3F0C8B70232AB880009E51CB /* Main.storyboard in Resources */ = {isa = PBXBuildFile; fileRef = 3F0C8B6E232AB880009E51CB /* Main.storyboard */; };
		3F0C8B72232AB881009E51CB /* Assets.xcassets in Resources */ = {isa = PBXBuildFile; fileRef = 3F0C8B71232AB881009E51CB /* Assets.xcassets */; };
		3F0C8B75232AB881009E51CB /* LaunchScreen.storyboard in Resources */ = {isa = PBXBuildFile; fileRef = 3F0C8B73232AB881009E51CB /* LaunchScreen.storyboard */; };
		3F8901EC232C0A4000C3A4EC /* RecordViewController.swift in Sources */ = {isa = PBXBuildFile; fileRef = 3F8901EB232C0A4000C3A4EC /* RecordViewController.swift */; };
		3F8F4DB1232BF60C000CC853 /* Audio.swift in Sources */ = {isa = PBXBuildFile; fileRef = 3F8F4DB0232BF60C000CC853 /* Audio.swift */; };
/* End PBXBuildFile section */

/* Begin PBXFileReference section */
		3F0C8B67232AB87F009E51CB /* Hear4uApp.app */ = {isa = PBXFileReference; explicitFileType = wrapper.application; includeInIndex = 0; path = Hear4uApp.app; sourceTree = BUILT_PRODUCTS_DIR; };
		3F0C8B6A232AB880009E51CB /* AppDelegate.swift */ = {isa = PBXFileReference; lastKnownFileType = sourcecode.swift; path = AppDelegate.swift; sourceTree = "<group>"; };
		3F0C8B6C232AB880009E51CB /* ViewController.swift */ = {isa = PBXFileReference; lastKnownFileType = sourcecode.swift; path = ViewController.swift; sourceTree = "<group>"; };
		3F0C8B6F232AB880009E51CB /* Base */ = {isa = PBXFileReference; lastKnownFileType = file.storyboard; name = Base; path = Base.lproj/Main.storyboard; sourceTree = "<group>"; };
		3F0C8B71232AB881009E51CB /* Assets.xcassets */ = {isa = PBXFileReference; lastKnownFileType = folder.assetcatalog; path = Assets.xcassets; sourceTree = "<group>"; };
		3F0C8B74232AB881009E51CB /* Base */ = {isa = PBXFileReference; lastKnownFileType = file.storyboard; name = Base; path = Base.lproj/LaunchScreen.storyboard; sourceTree = "<group>"; };
		3F0C8B76232AB881009E51CB /* Info.plist */ = {isa = PBXFileReference; lastKnownFileType = text.plist.xml; path = Info.plist; sourceTree = "<group>"; };
		3F8901EB232C0A4000C3A4EC /* RecordViewController.swift */ = {isa = PBXFileReference; lastKnownFileType = sourcecode.swift; path = RecordViewController.swift; sourceTree = SOURCE_ROOT; };
		3F8F4DB0232BF60C000CC853 /* Audio.swift */ = {isa = PBXFileReference; lastKnownFileType = sourcecode.swift; path = Audio.swift; sourceTree = "<group>"; };
/* End PBXFileReference section */

/* Begin PBXFrameworksBuildPhase section */
		3F0C8B64232AB87F009E51CB /* Frameworks */ = {
			isa = PBXFrameworksBuildPhase;
			buildActionMask = 2147483647;
			files = (
			);
			runOnlyForDeploymentPostprocessing = 0;
		};
/* End PBXFrameworksBuildPhase section */

/* Begin PBXGroup section */
		3F0C8B5E232AB87F009E51CB = {
			isa = PBXGroup;
			children = (
				3F0C8B69232AB87F009E51CB /* Hear4uApp */,
				3F0C8B68232AB87F009E51CB /* Products */,
			);
			sourceTree = "<group>";
		};
		3F0C8B68232AB87F009E51CB /* Products */ = {
			isa = PBXGroup;
			children = (
				3F0C8B67232AB87F009E51CB /* Hear4uApp.app */,
			);
			name = Products;
			sourceTree = "<group>";
		};
		3F0C8B69232AB87F009E51CB /* Hear4uApp */ = {
			isa = PBXGroup;
			children = (
				3F0C8B6A232AB880009E51CB /* AppDelegate.swift */,
				3F8F4DAF232BF555000CC853 /* View */,
				3F8F4DAE232BF547000CC853 /* Model */,
				3F8F4DAD232BF538000CC853 /* Controller */,
				3F0C8B6C232AB880009E51CB /* ViewController.swift */,
				3F0C8B6E232AB880009E51CB /* Main.storyboard */,
				3F0C8B71232AB881009E51CB /* Assets.xcassets */,
				3F0C8B73232AB881009E51CB /* LaunchScreen.storyboard */,
				3F0C8B76232AB881009E51CB /* Info.plist */,
			);
			path = Hear4uApp;
			sourceTree = "<group>";
		};
		3F8F4DAD232BF538000CC853 /* Controller */ = {
			isa = PBXGroup;
			children = (
				3F8901EB232C0A4000C3A4EC /* RecordViewController.swift */,
			);
			path = Controller;
			sourceTree = "<group>";
		};
		3F8F4DAE232BF547000CC853 /* Model */ = {
			isa = PBXGroup;
			children = (
				3F8F4DB0232BF60C000CC853 /* Audio.swift */,
			);
			path = Model;
			sourceTree = "<group>";
		};
		3F8F4DAF232BF555000CC853 /* View */ = {
			isa = PBXGroup;
			children = (
			);
			path = View;
			sourceTree = "<group>";
		};
/* End PBXGroup section */

/* Begin PBXNativeTarget section */
		3F0C8B66232AB87F009E51CB /* Hear4uApp */ = {
			isa = PBXNativeTarget;
			buildConfigurationList = 3F0C8B79232AB881009E51CB /* Build configuration list for PBXNativeTarget "Hear4uApp" */;
			buildPhases = (
				3F0C8B63232AB87F009E51CB /* Sources */,
				3F0C8B64232AB87F009E51CB /* Frameworks */,
				3F0C8B65232AB87F009E51CB /* Resources */,
			);
			buildRules = (
			);
			dependencies = (
			);
			name = Hear4uApp;
			productName = Hear4uApp;
			productReference = 3F0C8B67232AB87F009E51CB /* Hear4uApp.app */;
			productType = "com.apple.product-type.application";
		};
/* End PBXNativeTarget section */

/* Begin PBXProject section */
		3F0C8B5F232AB87F009E51CB /* Project object */ = {
			isa = PBXProject;
			attributes = {
				LastSwiftUpdateCheck = 1030;
				LastUpgradeCheck = 1030;
				ORGANIZATIONNAME = USP;
				TargetAttributes = {
					3F0C8B66232AB87F009E51CB = {
						CreatedOnToolsVersion = 10.3;
					};
				};
			};
			buildConfigurationList = 3F0C8B62232AB87F009E51CB /* Build configuration list for PBXProject "Hear4uApp" */;
			compatibilityVersion = "Xcode 9.3";
			developmentRegion = en;
			hasScannedForEncodings = 0;
			knownRegions = (
				en,
				Base,
			);
			mainGroup = 3F0C8B5E232AB87F009E51CB;
			productRefGroup = 3F0C8B68232AB87F009E51CB /* Products */;
			projectDirPath = "";
			projectRoot = "";
			targets = (
				3F0C8B66232AB87F009E51CB /* Hear4uApp */,
			);
		};
/* End PBXProject section */

/* Begin PBXResourcesBuildPhase section */
		3F0C8B65232AB87F009E51CB /* Resources */ = {
			isa = PBXResourcesBuildPhase;
			buildActionMask = 2147483647;
			files = (
				3F0C8B75232AB881009E51CB /* LaunchScreen.storyboard in Resources */,
				3F0C8B72232AB881009E51CB /* Assets.xcassets in Resources */,
				3F0C8B70232AB880009E51CB /* Main.storyboard in Resources */,
			);
			runOnlyForDeploymentPostprocessing = 0;
		};
/* End PBXResourcesBuildPhase section */

/* Begin PBXSourcesBuildPhase section */
		3F0C8B63232AB87F009E51CB /* Sources */ = {
			isa = PBXSourcesBuildPhase;
			buildActionMask = 2147483647;
			files = (
				3F8F4DB1232BF60C000CC853 /* Audio.swift in Sources */,
				3F0C8B6D232AB880009E51CB /* ViewController.swift in Sources */,
				3F0C8B6B232AB880009E51CB /* AppDelegate.swift in Sources */,
				3F8901EC232C0A4000C3A4EC /* RecordViewController.swift in Sources */,
			);
			runOnlyForDeploymentPostprocessing = 0;
		};
/* End PBXSourcesBuildPhase section */

/* Begin PBXVariantGroup section */
		3F0C8B6E232AB880009E51CB /* Main.storyboard */ = {
			isa = PBXVariantGroup;
			children = (
				3F0C8B6F232AB880009E51CB /* Base */,
			);
			name = Main.storyboard;
			sourceTree = "<group>";
		};
		3F0C8B73232AB881009E51CB /* LaunchScreen.storyboard */ = {
			isa = PBXVariantGroup;
			children = (
				3F0C8B74232AB881009E51CB /* Base */,
			);
			name = LaunchScreen.storyboard;
			sourceTree = "<group>";
		};
/* End PBXVariantGroup section */

/* Begin XCBuildConfiguration section */
		3F0C8B77232AB881009E51CB /* Debug */ = {
			isa = XCBuildConfiguration;
			buildSettings = {
				ALWAYS_SEARCH_USER_PATHS = NO;
				CLANG_ANALYZER_NONNULL = YES;
				CLANG_ANALYZER_NUMBER_OBJECT_CONVERSION = YES_AGGRESSIVE;
				CLANG_CXX_LANGUAGE_STANDARD = "gnu++14";
				CLANG_CXX_LIBRARY = "libc++";
				CLANG_ENABLE_MODULES = YES;
				CLANG_ENABLE_OBJC_ARC = YES;
				CLANG_ENABLE_OBJC_WEAK = YES;
				CLANG_WARN_BLOCK_CAPTURE_AUTORELEASING = YES;
				CLANG_WARN_BOOL_CONVERSION = YES;
				CLANG_WARN_COMMA = YES;
				CLANG_WARN_CONSTANT_CONVERSION = YES;
				CLANG_WARN_DEPRECATED_OBJC_IMPLEMENTATIONS = YES;
				CLANG_WARN_DIRECT_OBJC_ISA_USAGE = YES_ERROR;
				CLANG_WARN_DOCUMENTATION_COMMENTS = YES;
				CLANG_WARN_EMPTY_BODY = YES;
				CLANG_WARN_ENUM_CONVERSION = YES;
				CLANG_WARN_INFINITE_RECURSION = YES;
				CLANG_WARN_INT_CONVERSION = YES;
				CLANG_WARN_NON_LITERAL_NULL_CONVERSION = YES;
				CLANG_WARN_OBJC_IMPLICIT_RETAIN_SELF = YES;
				CLANG_WARN_OBJC_LITERAL_CONVERSION = YES;
				CLANG_WARN_OBJC_ROOT_CLASS = YES_ERROR;
				CLANG_WARN_RANGE_LOOP_ANALYSIS = YES;
				CLANG_WARN_STRICT_PROTOTYPES = YES;
				CLANG_WARN_SUSPICIOUS_MOVE = YES;
				CLANG_WARN_UNGUARDED_AVAILABILITY = YES_AGGRESSIVE;
				CLANG_WARN_UNREACHABLE_CODE = YES;
				CLANG_WARN__DUPLICATE_METHOD_MATCH = YES;
				CODE_SIGN_IDENTITY = "iPhone Developer";
				COPY_PHASE_STRIP = NO;
				DEBUG_INFORMATION_FORMAT = dwarf;
				ENABLE_STRICT_OBJC_MSGSEND = YES;
				ENABLE_TESTABILITY = YES;
				GCC_C_LANGUAGE_STANDARD = gnu11;
				GCC_DYNAMIC_NO_PIC = NO;
				GCC_NO_COMMON_BLOCKS = YES;
				GCC_OPTIMIZATION_LEVEL = 0;
				GCC_PREPROCESSOR_DEFINITIONS = (
					"DEBUG=1",
					"$(inherited)",
				);
				GCC_WARN_64_TO_32_BIT_CONVERSION = YES;
				GCC_WARN_ABOUT_RETURN_TYPE = YES_ERROR;
				GCC_WARN_UNDECLARED_SELECTOR = YES;
				GCC_WARN_UNINITIALIZED_AUTOS = YES_AGGRESSIVE;
				GCC_WARN_UNUSED_FUNCTION = YES;
				GCC_WARN_UNUSED_VARIABLE = YES;
				IPHONEOS_DEPLOYMENT_TARGET = 12.4;
				MTL_ENABLE_DEBUG_INFO = INCLUDE_SOURCE;
				MTL_FAST_MATH = YES;
				ONLY_ACTIVE_ARCH = YES;
				SDKROOT = iphoneos;
				SWIFT_ACTIVE_COMPILATION_CONDITIONS = DEBUG;
				SWIFT_OPTIMIZATION_LEVEL = "-Onone";
			};
			name = Debug;
		};
		3F0C8B78232AB881009E51CB /* Release */ = {
			isa = XCBuildConfiguration;
			buildSettings = {
				ALWAYS_SEARCH_USER_PATHS = NO;
				CLANG_ANALYZER_NONNULL = YES;
				CLANG_ANALYZER_NUMBER_OBJECT_CONVERSION = YES_AGGRESSIVE;
				CLANG_CXX_LANGUAGE_STANDARD = "gnu++14";
				CLANG_CXX_LIBRARY = "libc++";
				CLANG_ENABLE_MODULES = YES;
				CLANG_ENABLE_OBJC_ARC = YES;
				CLANG_ENABLE_OBJC_WEAK = YES;
				CLANG_WARN_BLOCK_CAPTURE_AUTORELEASING = YES;
				CLANG_WARN_BOOL_CONVERSION = YES;
				CLANG_WARN_COMMA = YES;
				CLANG_WARN_CONSTANT_CONVERSION = YES;
				CLANG_WARN_DEPRECATED_OBJC_IMPLEMENTATIONS = YES;
				CLANG_WARN_DIRECT_OBJC_ISA_USAGE = YES_ERROR;
				CLANG_WARN_DOCUMENTATION_COMMENTS = YES;
				CLANG_WARN_EMPTY_BODY = YES;
				CLANG_WARN_ENUM_CONVERSION = YES;
				CLANG_WARN_INFINITE_RECURSION = YES;
				CLANG_WARN_INT_CONVERSION = YES;
				CLANG_WARN_NON_LITERAL_NULL_CONVERSION = YES;
				CLANG_WARN_OBJC_IMPLICIT_RETAIN_SELF = YES;
				CLANG_WARN_OBJC_LITERAL_CONVERSION = YES;
				CLANG_WARN_OBJC_ROOT_CLASS = YES_ERROR;
				CLANG_WARN_RANGE_LOOP_ANALYSIS = YES;
				CLANG_WARN_STRICT_PROTOTYPES = YES;
				CLANG_WARN_SUSPICIOUS_MOVE = YES;
				CLANG_WARN_UNGUARDED_AVAILABILITY = YES_AGGRESSIVE;
				CLANG_WARN_UNREACHABLE_CODE = YES;
				CLANG_WARN__DUPLICATE_METHOD_MATCH = YES;
				CODE_SIGN_IDENTITY = "iPhone Developer";
				COPY_PHASE_STRIP = NO;
				DEBUG_INFORMATION_FORMAT = "dwarf-with-dsym";
				ENABLE_NS_ASSERTIONS = NO;
				ENABLE_STRICT_OBJC_MSGSEND = YES;
				GCC_C_LANGUAGE_STANDARD = gnu11;
				GCC_NO_COMMON_BLOCKS = YES;
				GCC_WARN_64_TO_32_BIT_CONVERSION = YES;
				GCC_WARN_ABOUT_RETURN_TYPE = YES_ERROR;
				GCC_WARN_UNDECLARED_SELECTOR = YES;
				GCC_WARN_UNINITIALIZED_AUTOS = YES_AGGRESSIVE;
				GCC_WARN_UNUSED_FUNCTION = YES;
				GCC_WARN_UNUSED_VARIABLE = YES;
				IPHONEOS_DEPLOYMENT_TARGET = 12.4;
				MTL_ENABLE_DEBUG_INFO = NO;
				MTL_FAST_MATH = YES;
				SDKROOT = iphoneos;
				SWIFT_COMPILATION_MODE = wholemodule;
				SWIFT_OPTIMIZATION_LEVEL = "-O";
				VALIDATE_PRODUCT = YES;
			};
			name = Release;
		};
		3F0C8B7A232AB881009E51CB /* Debug */ = {
			isa = XCBuildConfiguration;
			buildSettings = {
				ASSETCATALOG_COMPILER_APPICON_NAME = AppIcon;
				CODE_SIGN_STYLE = Automatic;
				DEVELOPMENT_TEAM = 7F9GKTBLFR;
				INFOPLIST_FILE = Hear4uApp/Info.plist;
				IPHONEOS_DEPLOYMENT_TARGET = 11.2;
				LD_RUNPATH_SEARCH_PATHS = (
					"$(inherited)",
					"@executable_path/Frameworks",
				);
				PRODUCT_BUNDLE_IDENTIFIER = hackatruck.Hear4uApp;
				PRODUCT_NAME = "$(TARGET_NAME)";
				SWIFT_VERSION = 5.0;
				TARGETED_DEVICE_FAMILY = "1,2";
			};
			name = Debug;
		};
		3F0C8B7B232AB881009E51CB /* Release */ = {
			isa = XCBuildConfiguration;
			buildSettings = {
				ASSETCATALOG_COMPILER_APPICON_NAME = AppIcon;
				CODE_SIGN_STYLE = Automatic;
				DEVELOPMENT_TEAM = 7F9GKTBLFR;
				INFOPLIST_FILE = Hear4uApp/Info.plist;
				IPHONEOS_DEPLOYMENT_TARGET = 11.2;
				LD_RUNPATH_SEARCH_PATHS = (
					"$(inherited)",
					"@executable_path/Frameworks",
				);
				PRODUCT_BUNDLE_IDENTIFIER = hackatruck.Hear4uApp;
				PRODUCT_NAME = "$(TARGET_NAME)";
				SWIFT_VERSION = 5.0;
				TARGETED_DEVICE_FAMILY = "1,2";
			};
			name = Release;
		};
/* End XCBuildConfiguration section */

/* Begin XCConfigurationList section */
		3F0C8B62232AB87F009E51CB /* Build configuration list for PBXProject "Hear4uApp" */ = {
			isa = XCConfigurationList;
			buildConfigurations = (
				3F0C8B77232AB881009E51CB /* Debug */,
				3F0C8B78232AB881009E51CB /* Release */,
			);
			defaultConfigurationIsVisible = 0;
			defaultConfigurationName = Release;
		};
		3F0C8B79232AB881009E51CB /* Build configuration list for PBXNativeTarget "Hear4uApp" */ = {
			isa = XCConfigurationList;
			buildConfigurations = (
				3F0C8B7A232AB881009E51CB /* Debug */,
				3F0C8B7B232AB881009E51CB /* Release */,
			);
			defaultConfigurationIsVisible = 0;
			defaultConfigurationName = Release;
		};
/* End XCConfigurationList section */
	};
	rootObject = 3F0C8B5F232AB87F009E51CB /* Project object */;
}
